packages:
- package: dbt-labs/audit_helper
  name: audit_helper
  version: 0.12.1
- package: dbt-labs/codegen
  name: codegen
  version: 0.13.1
- package: dbt-labs/dbt_utils
  name: dbt_utils
  version: 1.3.1
- package: gitlabhq/snowflake_spend
  name: snowflake_spend
  version: 1.4.0
sha1_hash: b56749b2bec123ea87687f78682af8dece26c6bd
